NeoBundleLock YouCompleteMe 94ec3ed902e4e55b1766232d3b0e7d602bc2c472
NeoBundleLock ctrlp.vim 564176f01d7f3f7f8ab452ff4e1f5314de7b0981
NeoBundleLock dart-vim-plugin 600ce0523d35c1b5297fe0a7444c49f6d54d5772
NeoBundleLock emmet-vim 0ccaa29dbde268888be21705b0de5de89b59ef48
NeoBundleLock gundo.vim e7fe41024ace9047eee610f23311d44fd9d917c0
NeoBundleLock matchit 060d9d8aa381d6a650b649d38c992b59db3ed1a3
NeoBundleLock neobundle.vim dab02f0513dc7f8832cb7c191d43b84982ef34cb
NeoBundleLock nerdtree 4ebbb533c3faf2c480211db2b547972bb3b60f2b
NeoBundleLock quickfixstatus fd3875b914fc51bbefefa8c4995588c088163053
NeoBundleLock syntastic 1de31fa5e8b5cf09cdc77c30e59516fe49724527
NeoBundleLock tabular 60f25648814f0695eeb6c1040d97adca93c4e0bb
NeoBundleLock unite.vim 47db5a4521173372c10d926b88de1fb945690472
NeoBundleLock vim-csharp 5580f19e9c7f1e7b1dfdad3224d14fb18aa56f5a
NeoBundleLock vim-css-color 0cd6a51ffbcd59e7511b243d201143e9b0a62ae2
NeoBundleLock vim-easymotion 649120e90e92bc2ae5361693fa1e4dd2d02c1822
NeoBundleLock vim-fugitive 008b9570860f552534109b4f618cf2ddd145eeb4
NeoBundleLock vim-gitgutter 0af9f2a3ab029054d279f69364351e95e107008a
NeoBundleLock vim-gocode 9c8a27a130932c801037129016d6afa73a04156a
NeoBundleLock vim-hier 0b8c365263551a67404ebd7e528c55e17c1d3de7
NeoBundleLock vim-latex-live-preview 7695dd4ebddb735bec632d468e2202d070029cb8
NeoBundleLock vim-livedown 9afa3914536b83067d55813eb894fc7388cafb33
NeoBundleLock vim-markdown 43bc4bc18c1ea38f609413c8e9ab2995b8bf1a26
NeoBundleLock vim-multiple-cursors 47c9e3fb11a202a9a2fa1d591ec990a41e4221c4
NeoBundleLock vimproc.vim 996365866652e8b50978274ec6ffd6b0a711d91f
NeoBundleLock yaml-vim 826e75dc0954ccabf24f933237fcb697e453bdd8
