NeoBundleLock YouCompleteMe 0352ed9b1f8f6bb4b9cdc1c164b564573243aecc
NeoBundleLock ctrlp.vim b5d3fe66a58a13d2ff8b6391f4387608496a030f
NeoBundleLock dart-vim-plugin a4c4ed4de63da1c41e6317ae1711ecdbfcc30951
NeoBundleLock emmet-vim 4110fb0f7b13f20e1136da18e12597a4c978cc3a
NeoBundleLock gundo.vim 3975ac871565115e3769dc69c06bc88ddc1369af
NeoBundleLock lightline.vim cb85e3a6f831a8e904437e6da69e0aec36065d93
NeoBundleLock matchit 060d9d8aa381d6a650b649d38c992b59db3ed1a3
NeoBundleLock neobundle.vim dab02f0513dc7f8832cb7c191d43b84982ef34cb
NeoBundleLock nerdtree 0b44415a3302030b56755cc1135ca9ca57dc1ada
NeoBundleLock syntastic 630169bfc21bf5a114616238810e4b31b19eb983
NeoBundleLock tabular 60f25648814f0695eeb6c1040d97adca93c4e0bb
NeoBundleLock tmuxline.vim 1e638ef6b2673130db123f25b1ae1160c5289bb8
NeoBundleLock unite.vim 76f8177c1ef87f3fdd57af044f109dc03a4047b4
NeoBundleLock vim-csharp 34a38f15feba1568f8207ba91b63194350ba9570
NeoBundleLock vim-css-color 7ad79c7b77bd83296d7a10e596860d9269070207
NeoBundleLock vim-easymotion a21d4474f0e9df7a721246e0a3b386068901965f
NeoBundleLock vim-fugitive dba8a0705d95cda76d599bb7d09964d67741a5c5
NeoBundleLock vim-gitgutter b18e23cdfa082dee7da8a2466db5a66907491e5b
NeoBundleLock vim-gocode b9604176dc910ec6e32301eb9cdd431a9c9887a4
NeoBundleLock vim-latex-live-preview 7695dd4ebddb735bec632d468e2202d070029cb8
NeoBundleLock vim-livedown b166bab69699c6bc9dc69fc570f209b3951ba0ad
NeoBundleLock vim-markdown 8a709ef28a77629b11769c703c4864133d658947
NeoBundleLock vim-multiple-cursors 73a78c926ad208bd1984e575ceece276d61a1404
NeoBundleLock yaml-vim 826e75dc0954ccabf24f933237fcb697e453bdd8
