NeoBundleLock YouCompleteMe 4651c2112bad92953c9783ff01a3541939420678
NeoBundleLock ctrlp.vim b5d3fe66a58a13d2ff8b6391f4387608496a030f
NeoBundleLock dart-vim-plugin a4c4ed4de63da1c41e6317ae1711ecdbfcc30951
NeoBundleLock emmet-vim e24ea1734e77c76913e7eca3bbee9f5e238e4a84
NeoBundleLock gundo.vim 3975ac871565115e3769dc69c06bc88ddc1369af
NeoBundleLock matchit 060d9d8aa381d6a650b649d38c992b59db3ed1a3
NeoBundleLock neobundle.vim dab02f0513dc7f8832cb7c191d43b84982ef34cb
NeoBundleLock nerdtree 2f8a72144fe1e96804f000b6cf9bf9c4057e5ddd
NeoBundleLock syntastic 200cd1d071324848f9e32138691f8c4f9dca8492
NeoBundleLock tabular 60f25648814f0695eeb6c1040d97adca93c4e0bb
NeoBundleLock unite.vim aa23731585f49bfa7fdf1095f8fe937419694895
NeoBundleLock vim-csharp 34a38f15feba1568f8207ba91b63194350ba9570
NeoBundleLock vim-css-color 7ad79c7b77bd83296d7a10e596860d9269070207
NeoBundleLock vim-easymotion a21d4474f0e9df7a721246e0a3b386068901965f
NeoBundleLock vim-fugitive 1ecd12d523ffe031b5840316eeae1f24dd8920e4
NeoBundleLock vim-gitgutter 1aed46c072fd9bd00650474e89f0e4d3a483dad8
NeoBundleLock vim-gocode b9604176dc910ec6e32301eb9cdd431a9c9887a4
NeoBundleLock vim-latex-live-preview 7695dd4ebddb735bec632d468e2202d070029cb8
NeoBundleLock vim-livedown b166bab69699c6bc9dc69fc570f209b3951ba0ad
NeoBundleLock vim-markdown 642730fccce7e78c995389f3c430747d266efa96
NeoBundleLock vim-multiple-cursors 73a78c926ad208bd1984e575ceece276d61a1404
NeoBundleLock yaml-vim 826e75dc0954ccabf24f933237fcb697e453bdd8
